PODS:
  - BFTask-Extras (0.1.2):
    - Bolts
  - Bolts (1.1.4)
  - Expecta (0.4.0)
  - Specta (0.5.0)

DEPENDENCIES:
  - BFTask-Extras (from `../`)
  - Expecta
  - Specta

EXTERNAL SOURCES:
  BFTask-Extras:
    :path: ../

SPEC CHECKSUMS:
  BFTask-Extras: 6daa80a921995e210be8edd446d4d0a6b7aefa7f
  Bolts: f8e2f94edbf9fec7bb8de5ecaaa3aa6b7de6f64e
  Expecta: 392a6b5bfb9f4097e47dd8064d9b732079490332
  Specta: eb90708ed77569bbda089f8ead10bb99b8e9489e

COCOAPODS: 0.36.3
